
Microsoft Visual Studio Solution File, Format Version 12.00
# Visual Studio Version 16
VisualStudioVersion = 16.0.809.0
MinimumVisualStudioVersion = 10.0.40219.1
Project("{FAE04EC0-301F-11D3-BF4B-00C04F79EFBC}") = "WishList", "WishList.csproj", "{00924F17-7271-4E94-976F-AA223D25B8CF}"
EndProject
Global
	GlobalSection(SolutionConfigurationPlatforms) = preSolution
		Debug|Any CPU = Debug|Any CPU
		Release|Any CPU = Release|Any CPU
	EndGlobalSection
	GlobalSection(ProjectConfigurationPlatforms) = postSolution
		{00924F17-7271-4E94-976F-AA223D25B8CF}.Debug|Any CPU.ActiveCfg = Debug|Any CPU
		{00924F17-7271-4E94-976F-AA223D25B8CF}.Debug|Any CPU.Build.0 = Debug|Any CPU
		{00924F17-7271-4E94-976F-AA223D25B8CF}.Release|Any CPU.ActiveCfg = Release|Any CPU
		{00924F17-7271-4E94-976F-AA223D25B8CF}.Release|Any CPU.Build.0 = Release|Any CPU
	EndGlobalSection
	GlobalSection(SolutionProperties) = preSolution
		HideSolutionNode = FALSE
	EndGlobalSection
	GlobalSection(ExtensibilityGlobals) = postSolution
		SolutionGuid = {AF65CEF5-10EB-4EB6-B1B4-6CF7F3D6BD17}
	EndGlobalSection
EndGlobal
